{
  "name": "ngx-popper",
  "version": "1.5.4",
  "lockfileVersion": 1,
  "requires": true,
  "dependencies": {
    "popper.js": {
      "version": "1.13.0-next",
      "resolved": "https://registry.npmjs.org/popper.js/-/popper.js-1.13.0-next.tgz",
      "integrity": "sha1-bIDHk4X4nnxN/a8OgmwjgtwbExI="
    }
  }
}
